
Microsoft Visual Studio Solution File, Format Version 12.00
# Visual Studio 15
VisualStudioVersion = 15.0.26730.16
MinimumVisualStudioVersion = 10.0.40219.1
Project("{FAE04EC0-301F-11D3-BF4B-00C04F79EFBC}") = "ChoiceExpander", "ChoiceExpander\ChoiceExpander.csproj", "{8E26105B-B03D-45A1-91F1-E2944C2FC028}"
EndProject
Global
	GlobalSection(SolutionConfigurationPlatforms) = preSolution
		Debug|Any CPU = Debug|Any CPU
		Release|Any CPU = Release|Any CPU
	EndGlobalSection
	GlobalSection(ProjectConfigurationPlatforms) = postSolution
		{8E26105B-B03D-45A1-91F1-E2944C2FC028}.Debug|Any CPU.ActiveCfg = Debug|Any CPU
		{8E26105B-B03D-45A1-91F1-E2944C2FC028}.Debug|Any CPU.Build.0 = Debug|Any CPU
		{8E26105B-B03D-45A1-91F1-E2944C2FC028}.Release|Any CPU.ActiveCfg = Release|Any CPU
		{8E26105B-B03D-45A1-91F1-E2944C2FC028}.Release|Any CPU.Build.0 = Release|Any CPU
	EndGlobalSection
	GlobalSection(SolutionProperties) = preSolution
		HideSolutionNode = FALSE
	EndGlobalSection
	GlobalSection(ExtensibilityGlobals) = postSolution
		SolutionGuid = {0498B07D-F47B-49E3-BF28-70CC269C7D69}
	EndGlobalSection
EndGlobal
